
Microsoft Visual Studio Solution File, Format Version 12.00
# Visual Studio Version 17
VisualStudioVersion = 17.0.31903.59
MinimumVisualStudioVersion = 10.0.40219.1
Project("{FAE04EC0-301F-11D3-BF4B-00C04F79EFBC}") = "API", "API\API.csproj", "{EEE82F55-6554-4003-87A6-B1296FF80610}"
EndProject
Project("{FAE04EC0-301F-11D3-BF4B-00C04F79EFBC}") = "Core", "Core\Core.csproj", "{3D6DA0C4-5BE3-48EC-8B80-F11EC4CFB822}"
EndProject
Project("{FAE04EC0-301F-11D3-BF4B-00C04F79EFBC}") = "Infrastructure", "Infrastructure\Infrastructure.csproj", "{2CE0711C-6EC9-45C7-8892-59E395D83BE9}"
EndProject
Global
	GlobalSection(SolutionConfigurationPlatforms) = preSolution
		Debug|Any CPU = Debug|Any CPU
		Release|Any CPU = Release|Any CPU
	EndGlobalSection
	GlobalSection(SolutionProperties) = preSolution
		HideSolutionNode = FALSE
	EndGlobalSection
	GlobalSection(ProjectConfigurationPlatforms) = postSolution
		{EEE82F55-6554-4003-87A6-B1296FF80610}.Debug|Any CPU.ActiveCfg = Debug|Any CPU
		{EEE82F55-6554-4003-87A6-B1296FF80610}.Debug|Any CPU.Build.0 = Debug|Any CPU
		{EEE82F55-6554-4003-87A6-B1296FF80610}.Release|Any CPU.ActiveCfg = Release|Any CPU
		{EEE82F55-6554-4003-87A6-B1296FF80610}.Release|Any CPU.Build.0 = Release|Any CPU
		{3D6DA0C4-5BE3-48EC-8B80-F11EC4CFB822}.Debug|Any CPU.ActiveCfg = Debug|Any CPU
		{3D6DA0C4-5BE3-48EC-8B80-F11EC4CFB822}.Debug|Any CPU.Build.0 = Debug|Any CPU
		{3D6DA0C4-5BE3-48EC-8B80-F11EC4CFB822}.Release|Any CPU.ActiveCfg = Release|Any CPU
		{3D6DA0C4-5BE3-48EC-8B80-F11EC4CFB822}.Release|Any CPU.Build.0 = Release|Any CPU
		{2CE0711C-6EC9-45C7-8892-59E395D83BE9}.Debug|Any CPU.ActiveCfg = Debug|Any CPU
		{2CE0711C-6EC9-45C7-8892-59E395D83BE9}.Debug|Any CPU.Build.0 = Debug|Any CPU
		{2CE0711C-6EC9-45C7-8892-59E395D83BE9}.Release|Any CPU.ActiveCfg = Release|Any CPU
		{2CE0711C-6EC9-45C7-8892-59E395D83BE9}.Release|Any CPU.Build.0 = Release|Any CPU
	EndGlobalSection
EndGlobal
